{
  "name": "micropython-ota-updater",
  "lockfileVersion": 3,
  "requires": true,
  "packages": {
    "": {
      "name": "micropython-ota-updater",
      "devDependencies": {
        "@test-station/cli": "0.2.76"
      }
    },
    "node_modules/@test-station/adapter-jest": {
      "version": "0.2.76",
      "resolved": "https://registry.npmjs.org/@test-station/adapter-jest/-/adapter-jest-0.2.76.tgz",
      "integrity": "sha512-wxW5X/4B8szNKNm1KVXj02crhYDuz32px1VCckXqXwC0nsBPQyQx40xXIiOYzlSGTW9pVyXNnDuXffoyN35ueA==",
      "dev": true
    },
    "node_modules/@test-station/adapter-node-test": {
      "version": "0.2.76",
      "resolved": "https://registry.npmjs.org/@test-station/adapter-node-test/-/adapter-node-test-0.2.76.tgz",
      "integrity": "sha512-S4PAyKPRZPEBVcLefxfaa8k6R/lyap91plTKfIleT8a2d6Gs394un4ifVXGW/E6xCf0UrF82Up/oGHFwcNQHjQ==",
      "dev": true
    },
    "node_modules/@test-station/adapter-playwright": {
      "version": "0.2.76",
      "resolved": "https://registry.npmjs.org/@test-station/adapter-playwright/-/adapter-playwright-0.2.76.tgz",
      "integrity": "sha512-dDTqgDC8Ay6byYqVylqN8lIqpfaMLQ3oNOs6htJLhOxXhs2tYPKQPfOe+VIrJcl6J08M6jBPHWFanVKNmMB/SQ==",
      "dev": true,
      "dependencies": {
        "istanbul-lib-coverage": "^3.2.2"
      }
    },
    "node_modules/@test-station/adapter-shell": {
      "version": "0.2.76",
      "resolved": "https://registry.npmjs.org/@test-station/adapter-shell/-/adapter-shell-0.2.76.tgz",
      "integrity": "sha512-9fsN+uAIAJ+tz+k3FKwhWkz6TIGnNTqgo8UDT2Y2futwvnllG0+wGI9TRjitWBQVb5hfiWdHqq6T9XAvoydWCQ==",
      "dev": true
    },
    "node_modules/@test-station/adapter-vitest": {
      "version": "0.2.76",
      "resolved": "https://registry.npmjs.org/@test-station/adapter-vitest/-/adapter-vitest-0.2.76.tgz",
      "integrity": "sha512-RCrhTuhD/Q4G818qm7LNJdDb7eTZGaDq+tF0AzMT0i9mpe5mcRJtkX4AZkNLvUQBb9scYG4mWFeOJZh7a2TkvA==",
      "dev": true
    },
    "node_modules/@test-station/cli": {
      "version": "0.2.76",
      "resolved": "https://registry.npmjs.org/@test-station/cli/-/cli-0.2.76.tgz",
      "integrity": "sha512-KZsqvi09z8MaWGnBPpRde5/DX6shvwOyg1tmFx6RDcJeWa26KPwxZFk93ZQPw3oUTuULaO9OazNcmJfdOkVPwg==",
      "dev": true,
      "dependencies": {
        "@test-station/core": "0.2.76",
        "@test-station/render-html": "0.2.76"
      },
      "bin": {
        "test-station": "src/cli.js"
      }
    },
    "node_modules/@test-station/core": {
      "version": "0.2.76",
      "resolved": "https://registry.npmjs.org/@test-station/core/-/core-0.2.76.tgz",
      "integrity": "sha512-oKWoKKzq2lPWQ/wfKIYvH5A/HWDwMFd+0c7Stm/4yqDCwaQ81zEXLc8W4LHrio7ECayhM1ln6GHdia8hMKxECw==",
      "dev": true,
      "dependencies": {
        "@test-station/adapter-jest": "0.2.76",
        "@test-station/adapter-node-test": "0.2.76",
        "@test-station/adapter-playwright": "0.2.76",
        "@test-station/adapter-shell": "0.2.76",
        "@test-station/adapter-vitest": "0.2.76",
        "@test-station/plugin-source-analysis": "0.2.76"
      }
    },
    "node_modules/@test-station/plugin-source-analysis": {
      "version": "0.2.76",
      "resolved": "https://registry.npmjs.org/@test-station/plugin-source-analysis/-/plugin-source-analysis-0.2.76.tgz",
      "integrity": "sha512-Z1Bh6gsdyVD7nWfPVa2uo9FyrimW5D5jmJ3hXVCU1nD6ePe4vicSGgmMaul7qx1+Ki7SUA3E0V9kc80LYMJ/yg==",
      "dev": true,
      "dependencies": {
        "acorn": "^8.15.0"
      }
    },
    "node_modules/@test-station/render-html": {
      "version": "0.2.76",
      "resolved": "https://registry.npmjs.org/@test-station/render-html/-/render-html-0.2.76.tgz",
      "integrity": "sha512-zhYWUaBUhvaOZoB1xlPPhJIidF+Ep3knL5qrFIpsGk2qAS21y/YR0tRWVozuRXUFN6wmeQoUSsMcWBtB5OJReg==",
      "dev": true
    },
    "node_modules/acorn": {
      "version": "8.16.0",
      "resolved": "https://registry.npmjs.org/acorn/-/acorn-8.16.0.tgz",
      "integrity": "sha512-UVJyE9MttOsBQIDKw1skb9nAwQuR5wuGD3+82K6JgJlm/Y+KI92oNsMNGZCYdDsVtRHSak0pcV5Dno5+4jh9sw==",
      "dev": true,
      "license": "MIT",
      "bin": {
        "acorn": "bin/acorn"
      },
      "engines": {
        "node": ">=0.4.0"
      }
    },
    "node_modules/istanbul-lib-coverage": {
      "version": "3.2.2",
      "resolved": "https://registry.npmjs.org/istanbul-lib-coverage/-/istanbul-lib-coverage-3.2.2.tgz",
      "integrity": "sha512-O8dpsF+r0WV/8MNRKfnmrtCWhuKjxrq2w+jpzBL5UZKTi2LeVWnWOmWRxFlesJONmc+wLAGvKQZEOanko0LFTg==",
      "dev": true,
      "license": "BSD-3-Clause",
      "engines": {
        "node": ">=8"
      }
    }
  }
}
